<?xml version="1.0" encoding="utf-8"?>
<Project ToolsVersion="4.0" xmlns="http://schemas.microsoft.com/developer/msbuild/2003">
  <ItemGroup>
    <Filter Include="源文件">
      <UniqueIdentifier>{4FC737F1-C7A5-4376-A066-2A32D752A2FF}</UniqueIdentifier>
      <Extensions>cpp;c;cc;cxx;def;odl;idl;hpj;bat;asm;asmx</Extensions>
    </Filter>
    <Filter Include="资源文件">
      <UniqueIdentifier>{67DA6AB6-F800-4c08-8B7A-83BB121AAD01}</UniqueIdentifier>
      <Extensions>rc;ico;cur;bmp;dlg;rc2;rct;bin;rgs;gif;jpg;jpeg;jpe;resx;tiff;tif;png;wav;mfcribbon-ms</Extensions>
    </Filter>
    <Filter Include="Structure">
      <UniqueIdentifier>{93995380-89BD-4b04-88EB-625FBE52EBFB}</UniqueIdentifier>
      <Extensions>h;hh;hpp;hxx;hm;inl;inc;ipp;xsd</Extensions>
    </Filter>
    <Filter Include="Algorithm">
      <UniqueIdentifier>{14c744a3-6ed5-4f09-8772-7ff26cceb681}</UniqueIdentifier>
    </Filter>
  </ItemGroup>
  <ItemGroup>
    <ClCompile Include="DataStructure.cpp">
      <Filter>源文件</Filter>
    </ClCompile>
  </ItemGroup>
  <ItemGroup>
    <ClInclude Include="Allocator.h">
      <Filter>Structure</Filter>
    </ClInclude>
    <ClInclude Include="Slice.h">
      <Filter>Structure</Filter>
    </ClInclude>
    <ClInclude Include="Vector.h">
      <Filter>Structure</Filter>
    </ClInclude>
    <ClInclude Include="List.h">
      <Filter>Structure</Filter>
    </ClInclude>
    <ClInclude Include="Stack.h">
      <Filter>Structure</Filter>
    </ClInclude>
    <ClInclude Include="Queue.h">
      <Filter>Structure</Filter>
    </ClInclude>
    <ClInclude Include="SortAlgo.h">
      <Filter>Algorithm</Filter>
    </ClInclude>
    <ClInclude Include="DenseHash.h">
      <Filter>Structure</Filter>
    </ClInclude>
    <ClInclude Include="HashTrait.h">
      <Filter>Structure</Filter>
    </ClInclude>
    <ClInclude Include="UnorderedSet.h">
      <Filter>Structure</Filter>
    </ClInclude>
    <ClInclude Include="BST.h">
      <Filter>Structure</Filter>
    </ClInclude>
    <ClInclude Include="TreeIterator.h">
      <Filter>Structure</Filter>
    </ClInclude>
    <ClInclude Include="Set.h">
      <Filter>Structure</Filter>
    </ClInclude>
  </ItemGroup>
  <ItemGroup>
    <None Include="..\DS.code-workspace" />
    <None Include="..\readme.md" />
  </ItemGroup>
</Project>